// !$*UTF8*$!
{
	archiveVersion = 1;
	classes = {
	};
	objectVersion = 46;
	objects = {

/* Begin PBXBuildFile section */
		2ACA4FC61C8E1DE300F98C41 /* main.m in Sources */ = {isa = PBXBuildFile; fileRef = 2ACA4FC51C8E1DE300F98C41 /* main.m */; };
		2ACA4FC91C8E1DE300F98C41 /* AppDelegate.m in Sources */ = {isa = PBXBuildFile; fileRef = 2ACA4FC81C8E1DE300F98C41 /* AppDelegate.m */; };
		2ACA4FCF1C8E1DE300F98C41 /* Main.storyboard in Resources */ = {isa = PBXBuildFile; fileRef = 2ACA4FCD1C8E1DE300F98C41 /* Main.storyboard */; };
		2ACA4FD11C8E1DE300F98C41 /* Assets.xcassets in Resources */ = {isa = PBXBuildFile; fileRef = 2ACA4FD01C8E1DE300F98C41 /* Assets.xcassets */; };
		2ACA4FD41C8E1DE300F98C41 /* LaunchScreen.storyboard in Resources */ = {isa = PBXBuildFile; fileRef = 2ACA4FD21C8E1DE300F98C41 /* LaunchScreen.storyboard */; };
		2ACA4FDF1C8E1DE300F98C41 /* TableViewTests.m in Sources */ = {isa = PBXBuildFile; fileRef = 2ACA4FDE1C8E1DE300F98C41 /* TableViewTests.m */; };
		2ACA4FEA1C8E1DE300F98C41 /* TableViewUITests.m in Sources */ = {isa = PBXBuildFile; fileRef = 2ACA4FE91C8E1DE300F98C41 /* TableViewUITests.m */; };
		2ACA4FF91C8E1EEC00F98C41 /* TableViewController.m in Sources */ = {isa = PBXBuildFile; fileRef = 2ACA4FF81C8E1EEC00F98C41 /* TableViewController.m */; };
		2ACA4FFC1C8E240000F98C41 /* QuotesModel.m in Sources */ = {isa = PBXBuildFile; fileRef = 2ACA4FFB1C8E240000F98C41 /* QuotesModel.m */; };
/* End PBXBuildFile section */

/* Begin PBXContainerItemProxy section */
		2ACA4FDB1C8E1DE300F98C41 /* PBXContainerItemProxy */ = {
			isa = PBXContainerItemProxy;
			containerPortal = 2ACA4FB91C8E1DE300F98C41 /* Project object */;
			proxyType = 1;
			remoteGlobalIDString = 2ACA4FC01C8E1DE300F98C41;
			remoteInfo = TableView;
		};
		2ACA4FE61C8E1DE300F98C41 /* PBXContainerItemProxy */ = {
			isa = PBXContainerItemProxy;
			containerPortal = 2ACA4FB91C8E1DE300F98C41 /* Project object */;
			proxyType = 1;
			remoteGlobalIDString = 2ACA4FC01C8E1DE300F98C41;
			remoteInfo = TableView;
		};
/* End PBXContainerItemProxy section */

/* Begin PBXFileReference section */
		2ACA4FC11C8E1DE300F98C41 /* TableView.app */ = {isa = PBXFileReference; explicitFileType = wrapper.application; includeInIndex = 0; path = TableView.app; sourceTree = BUILT_PRODUCTS_DIR; };
		2ACA4FC51C8E1DE300F98C41 /* main.m */ = {isa = PBXFileReference; lastKnownFileType = sourcecode.c.objc; path = main.m; sourceTree = "<group>"; };
		2ACA4FC71C8E1DE300F98C41 /* AppDelegate.h */ = {isa = PBXFileReference; lastKnownFileType = sourcecode.c.h; path = AppDelegate.h; sourceTree = "<group>"; };
		2ACA4FC81C8E1DE300F98C41 /* AppDelegate.m */ = {isa = PBXFileReference; lastKnownFileType = sourcecode.c.objc; path = AppDelegate.m; sourceTree = "<group>"; };
		2ACA4FCE1C8E1DE300F98C41 /* Base */ = {isa = PBXFileReference; lastKnownFileType = file.storyboard; name = Base; path = Base.lproj/Main.storyboard; sourceTree = "<group>"; };
		2ACA4FD01C8E1DE300F98C41 /* Assets.xcassets */ = {isa = PBXFileReference; lastKnownFileType = folder.assetcatalog; path = Assets.xcassets; sourceTree = "<group>"; };
		2ACA4FD31C8E1DE300F98C41 /* Base */ = {isa = PBXFileReference; lastKnownFileType = file.storyboard; name = Base; path = Base.lproj/LaunchScreen.storyboard; sourceTree = "<group>"; };
		2ACA4FD51C8E1DE300F98C41 /* Info.plist */ = {isa = PBXFileReference; lastKnownFileType = text.plist.xml; path = Info.plist; sourceTree = "<group>"; };
		2ACA4FDA1C8E1DE300F98C41 /* TableViewTests.xctest */ = {isa = PBXFileReference; explicitFileType = wrapper.cfbundle; includeInIndex = 0; path = TableViewTests.xctest; sourceTree = BUILT_PRODUCTS_DIR; };
		2ACA4FDE1C8E1DE300F98C41 /* TableViewTests.m */ = {isa = PBXFileReference; lastKnownFileType = sourcecode.c.objc; path = TableViewTests.m; sourceTree = "<group>"; };
		2ACA4FE01C8E1DE300F98C41 /* Info.plist */ = {isa = PBXFileReference; lastKnownFileType = text.plist.xml; path = Info.plist; sourceTree = "<group>"; };
		2ACA4FE51C8E1DE300F98C41 /* TableViewUITests.xctest */ = {isa = PBXFileReference; explicitFileType = wrapper.cfbundle; includeInIndex = 0; path = TableViewUITests.xctest; sourceTree = BUILT_PRODUCTS_DIR; };
		2ACA4FE91C8E1DE300F98C41 /* TableViewUITests.m */ = {isa = PBXFileReference; lastKnownFileType = sourcecode.c.objc; path = TableViewUITests.m; sourceTree = "<group>"; };
		2ACA4FEB1C8E1DE300F98C41 /* Info.plist */ = {isa = PBXFileReference; lastKnownFileType = text.plist.xml; path = Info.plist; sourceTree = "<group>"; };
		2ACA4FF71C8E1EEC00F98C41 /* TableViewController.h */ = {isa = PBXFileReference; fileEncoding = 4; lastKnownFileType = sourcecode.c.h; path = TableViewController.h; sourceTree = "<group>"; };
		2ACA4FF81C8E1EEC00F98C41 /* TableViewController.m */ = {isa = PBXFileReference; fileEncoding = 4; lastKnownFileType = sourcecode.c.objc; path = TableViewController.m; sourceTree = "<group>"; };
		2ACA4FFA1C8E240000F98C41 /* QuotesModel.h */ = {isa = PBXFileReference; fileEncoding = 4; lastKnownFileType = sourcecode.c.h; path = QuotesModel.h; sourceTree = "<group>"; };
		2ACA4FFB1C8E240000F98C41 /* QuotesModel.m */ = {isa = PBXFileReference; fileEncoding = 4; lastKnownFileType = sourcecode.c.objc; path = QuotesModel.m; sourceTree = "<group>"; };
/* End PBXFileReference section */

/* Begin PBXFrameworksBuildPhase section */
		2ACA4FBE1C8E1DE300F98C41 /* Frameworks */ = {
			isa = PBXFrameworksBuildPhase;
			buildActionMask = 2147483647;
			files = (
			);
			runOnlyForDeploymentPostprocessing = 0;
		};
		2ACA4FD71C8E1DE300F98C41 /* Frameworks */ = {
			isa = PBXFrameworksBuildPhase;
			buildActionMask = 2147483647;
			files = (
			);
			runOnlyForDeploymentPostprocessing = 0;
		};
		2ACA4FE21C8E1DE300F98C41 /* Frameworks */ = {
			isa = PBXFrameworksBuildPhase;
			buildActionMask = 2147483647;
			files = (
			);
			runOnlyForDeploymentPostprocessing = 0;
		};
/* End PBXFrameworksBuildPhase section */

/* Begin PBXGroup section */
		2ACA4FB81C8E1DE300F98C41 = {
			isa = PBXGroup;
			children = (
				2ACA4FC31C8E1DE300F98C41 /* TableView */,
				2ACA4FDD1C8E1DE300F98C41 /* TableViewTests */,
				2ACA4FE81C8E1DE300F98C41 /* TableViewUITests */,
				2ACA4FC21C8E1DE300F98C41 /* Products */,
			);
			sourceTree = "<group>";
		};
		2ACA4FC21C8E1DE300F98C41 /* Products */ = {
			isa = PBXGroup;
			children = (
				2ACA4FC11C8E1DE300F98C41 /* TableView.app */,
				2ACA4FDA1C8E1DE300F98C41 /* TableViewTests.xctest */,
				2ACA4FE51C8E1DE300F98C41 /* TableViewUITests.xctest */,
			);
			name = Products;
			sourceTree = "<group>";
		};
		2ACA4FC31C8E1DE300F98C41 /* TableView */ = {
			isa = PBXGroup;
			children = (
				2ACA4FC71C8E1DE300F98C41 /* AppDelegate.h */,
				2ACA4FC81C8E1DE300F98C41 /* AppDelegate.m */,
				2ACA4FCD1C8E1DE300F98C41 /* Main.storyboard */,
				2ACA4FF71C8E1EEC00F98C41 /* TableViewController.h */,
				2ACA4FF81C8E1EEC00F98C41 /* TableViewController.m */,
				2ACA4FFA1C8E240000F98C41 /* QuotesModel.h */,
				2ACA4FFB1C8E240000F98C41 /* QuotesModel.m */,
				2ACA4FD01C8E1DE300F98C41 /* Assets.xcassets */,
				2ACA4FD21C8E1DE300F98C41 /* LaunchScreen.storyboard */,
				2ACA4FD51C8E1DE300F98C41 /* Info.plist */,
				2ACA4FC41C8E1DE300F98C41 /* Supporting Files */,
			);
			path = TableView;
			sourceTree = "<group>";
		};
		2ACA4FC41C8E1DE300F98C41 /* Supporting Files */ = {
			isa = PBXGroup;
			children = (
				2ACA4FC51C8E1DE300F98C41 /* main.m */,
			);
			name = "Supporting Files";
			sourceTree = "<group>";
		};
		2ACA4FDD1C8E1DE300F98C41 /* TableViewTests */ = {
			isa = PBXGroup;
			children = (
				2ACA4FDE1C8E1DE300F98C41 /* TableViewTests.m */,
				2ACA4FE01C8E1DE300F98C41 /* Info.plist */,
			);
			path = TableViewTests;
			sourceTree = "<group>";
		};
		2ACA4FE81C8E1DE300F98C41 /* TableViewUITests */ = {
			isa = PBXGroup;
			children = (
				2ACA4FE91C8E1DE300F98C41 /* TableViewUITests.m */,
				2ACA4FEB1C8E1DE300F98C41 /* Info.plist */,
			);
			path = TableViewUITests;
			sourceTree = "<group>";
		};
/* End PBXGroup section */

/* Begin PBXNativeTarget section */
		2ACA4FC01C8E1DE300F98C41 /* TableView */ = {
			isa = PBXNativeTarget;
			buildConfigurationList = 2ACA4FEE1C8E1DE300F98C41 /* Build configuration list for PBXNativeTarget "TableView" */;
			buildPhases = (
				2ACA4FBD1C8E1DE300F98C41 /* Sources */,
				2ACA4FBE1C8E1DE300F98C41 /* Frameworks */,
				2ACA4FBF1C8E1DE300F98C41 /* Resources */,
			);
			buildRules = (
			);
			dependencies = (
			);
			name = TableView;
			productName = TableView;
			productReference = 2ACA4FC11C8E1DE300F98C41 /* TableView.app */;
			productType = "com.apple.product-type.application";
		};
		2ACA4FD91C8E1DE300F98C41 /* TableViewTests */ = {
			isa = PBXNativeTarget;
			buildConfigurationList = 2ACA4FF11C8E1DE300F98C41 /* Build configuration list for PBXNativeTarget "TableViewTests" */;
			buildPhases = (
				2ACA4FD61C8E1DE300F98C41 /* Sources */,
				2ACA4FD71C8E1DE300F98C41 /* Frameworks */,
				2ACA4FD81C8E1DE300F98C41 /* Resources */,
			);
			buildRules = (
			);
			dependencies = (
				2ACA4FDC1C8E1DE300F98C41 /* PBXTargetDependency */,
			);
			name = TableViewTests;
			productName = TableViewTests;
			productReference = 2ACA4FDA1C8E1DE300F98C41 /* TableViewTests.xctest */;
			productType = "com.apple.product-type.bundle.unit-test";
		};
		2ACA4FE41C8E1DE300F98C41 /* TableViewUITests */ = {
			isa = PBXNativeTarget;
			buildConfigurationList = 2ACA4FF41C8E1DE300F98C41 /* Build configuration list for PBXNativeTarget "TableViewUITests" */;
			buildPhases = (
				2ACA4FE11C8E1DE300F98C41 /* Sources */,
				2ACA4FE21C8E1DE300F98C41 /* Frameworks */,
				2ACA4FE31C8E1DE300F98C41 /* Resources */,
			);
			buildRules = (
			);
			dependencies = (
				2ACA4FE71C8E1DE300F98C41 /* PBXTargetDependency */,
			);
			name = TableViewUITests;
			productName = TableViewUITests;
			productReference = 2ACA4FE51C8E1DE300F98C41 /* TableViewUITests.xctest */;
			productType = "com.apple.product-type.bundle.ui-testing";
		};
/* End PBXNativeTarget section */

/* Begin PBXProject section */
		2ACA4FB91C8E1DE300F98C41 /* Project object */ = {
			isa = PBXProject;
			attributes = {
				LastUpgradeCheck = 0720;
				ORGANIZATIONNAME = "Jerry Webb";
				TargetAttributes = {
					2ACA4FC01C8E1DE300F98C41 = {
						CreatedOnToolsVersion = 7.2.1;
					};
					2ACA4FD91C8E1DE300F98C41 = {
						CreatedOnToolsVersion = 7.2.1;
						TestTargetID = 2ACA4FC01C8E1DE300F98C41;
					};
					2ACA4FE41C8E1DE300F98C41 = {
						CreatedOnToolsVersion = 7.2.1;
						TestTargetID = 2ACA4FC01C8E1DE300F98C41;
					};
				};
			};
			buildConfigurationList = 2ACA4FBC1C8E1DE300F98C41 /* Build configuration list for PBXProject "TableView" */;
			compatibilityVersion = "Xcode 3.2";
			developmentRegion = English;
			hasScannedForEncodings = 0;
			knownRegions = (
				en,
				Base,
			);
			mainGroup = 2ACA4FB81C8E1DE300F98C41;
			productRefGroup = 2ACA4FC21C8E1DE300F98C41 /* Products */;
			projectDirPath = "";
			projectRoot = "";
			targets = (
				2ACA4FC01C8E1DE300F98C41 /* TableView */,
				2ACA4FD91C8E1DE300F98C41 /* TableViewTests */,
				2ACA4FE41C8E1DE300F98C41 /* TableViewUITests */,
			);
		};
/* End PBXProject section */

/* Begin PBXResourcesBuildPhase section */
		2ACA4FBF1C8E1DE300F98C41 /* Resources */ = {
			isa = PBXResourcesBuildPhase;
			buildActionMask = 2147483647;
			files = (
				2ACA4FD41C8E1DE300F98C41 /* LaunchScreen.storyboard in Resources */,
				2ACA4FD11C8E1DE300F98C41 /* Assets.xcassets in Resources */,
				2ACA4FCF1C8E1DE300F98C41 /* Main.storyboard in Resources */,
			);
			runOnlyForDeploymentPostprocessing = 0;
		};
		2ACA4FD81C8E1DE300F98C41 /* Resources */ = {
			isa = PBXResourcesBuildPhase;
			buildActionMask = 2147483647;
			files = (
			);
			runOnlyForDeploymentPostprocessing = 0;
		};
		2ACA4FE31C8E1DE300F98C41 /* Resources */ = {
			isa = PBXResourcesBuildPhase;
			buildActionMask = 2147483647;
			files = (
			);
			runOnlyForDeploymentPostprocessing = 0;
		};
/* End PBXResourcesBuildPhase section */

/* Begin PBXSourcesBuildPhase section */
		2ACA4FBD1C8E1DE300F98C41 /* Sources */ = {
			isa = PBXSourcesBuildPhase;
			buildActionMask = 2147483647;
			files = (
				2ACA4FC91C8E1DE300F98C41 /* AppDelegate.m in Sources */,
				2ACA4FC61C8E1DE300F98C41 /* main.m in Sources */,
				2ACA4FFC1C8E240000F98C41 /* QuotesModel.m in Sources */,
				2ACA4FF91C8E1EEC00F98C41 /* TableViewController.m in Sources */,
			);
			runOnlyForDeploymentPostprocessing = 0;
		};
		2ACA4FD61C8E1DE300F98C41 /* Sources */ = {
			isa = PBXSourcesBuildPhase;
			buildActionMask = 2147483647;
			files = (
				2ACA4FDF1C8E1DE300F98C41 /* TableViewTests.m in Sources */,
			);
			runOnlyForDeploymentPostprocessing = 0;
		};
		2ACA4FE11C8E1DE300F98C41 /* Sources */ = {
			isa = PBXSourcesBuildPhase;
			buildActionMask = 2147483647;
			files = (
				2ACA4FEA1C8E1DE300F98C41 /* TableViewUITests.m in Sources */,
			);
			runOnlyForDeploymentPostprocessing = 0;
		};
/* End PBXSourcesBuildPhase section */

/* Begin PBXTargetDependency section */
		2ACA4FDC1C8E1DE300F98C41 /* PBXTargetDependency */ = {
			isa = PBXTargetDependency;
			target = 2ACA4FC01C8E1DE300F98C41 /* TableView */;
			targetProxy = 2ACA4FDB1C8E1DE300F98C41 /* PBXContainerItemProxy */;
		};
		2ACA4FE71C8E1DE300F98C41 /* PBXTargetDependency */ = {
			isa = PBXTargetDependency;
			target = 2ACA4FC01C8E1DE300F98C41 /* TableView */;
			targetProxy = 2ACA4FE61C8E1DE300F98C41 /* PBXContainerItemProxy */;
		};
/* End PBXTargetDependency section */

/* Begin PBXVariantGroup section */
		2ACA4FCD1C8E1DE300F98C41 /* Main.storyboard */ = {
			isa = PBXVariantGroup;
			children = (
				2ACA4FCE1C8E1DE300F98C41 /* Base */,
			);
			name = Main.storyboard;
			sourceTree = "<group>";
		};
		2ACA4FD21C8E1DE300F98C41 /* LaunchScreen.storyboard */ = {
			isa = PBXVariantGroup;
			children = (
				2ACA4FD31C8E1DE300F98C41 /* Base */,
			);
			name = LaunchScreen.storyboard;
			sourceTree = "<group>";
		};
/* End PBXVariantGroup section */

/* Begin XCBuildConfiguration section */
		2ACA4FEC1C8E1DE300F98C41 /* Debug */ = {
			isa = XCBuildConfiguration;
			buildSettings = {
				ALWAYS_SEARCH_USER_PATHS = NO;
				CLANG_CXX_LANGUAGE_STANDARD = "gnu++0x";
				CLANG_CXX_LIBRARY = "libc++";
				CLANG_ENABLE_MODULES = YES;
				CLANG_ENABLE_OBJC_ARC = YES;
				CLANG_WARN_BOOL_CONVERSION = YES;
				CLANG_WARN_CONSTANT_CONVERSION = YES;
				CLANG_WARN_DIRECT_OBJC_ISA_USAGE = YES_ERROR;
				CLANG_WARN_EMPTY_BODY = YES;
				CLANG_WARN_ENUM_CONVERSION = YES;
				CLANG_WARN_INT_CONVERSION = YES;
				CLANG_WARN_OBJC_ROOT_CLASS = YES_ERROR;
				CLANG_WARN_UNREACHABLE_CODE = YES;
				CLANG_WARN__DUPLICATE_METHOD_MATCH = YES;
				"CODE_SIGN_IDENTITY[sdk=iphoneos*]" = "iPhone Developer";
				COPY_PHASE_STRIP = NO;
				DEBUG_INFORMATION_FORMAT = dwarf;
				ENABLE_STRICT_OBJC_MSGSEND = YES;
				ENABLE_TESTABILITY = YES;
				GCC_C_LANGUAGE_STANDARD = gnu99;
				GCC_DYNAMIC_NO_PIC = NO;
				GCC_NO_COMMON_BLOCKS = YES;
				GCC_OPTIMIZATION_LEVEL = 0;
				GCC_PREPROCESSOR_DEFINITIONS = (
					"DEBUG=1",
					"$(inherited)",
				);
				GCC_WARN_64_TO_32_BIT_CONVERSION = YES;
				GCC_WARN_ABOUT_RETURN_TYPE = YES_ERROR;
				GCC_WARN_UNDECLARED_SELECTOR = YES;
				GCC_WARN_UNINITIALIZED_AUTOS = YES_AGGRESSIVE;
				GCC_WARN_UNUSED_FUNCTION = YES;
				GCC_WARN_UNUSED_VARIABLE = YES;
				IPHONEOS_DEPLOYMENT_TARGET = 9.2;
				MTL_ENABLE_DEBUG_INFO = YES;
				ONLY_ACTIVE_ARCH = YES;
				SDKROOT = iphoneos;
			};
			name = Debug;
		};
		2ACA4FED1C8E1DE300F98C41 /* Release */ = {
			isa = XCBuildConfiguration;
			buildSettings = {
				ALWAYS_SEARCH_USER_PATHS = NO;
				CLANG_CXX_LANGUAGE_STANDARD = "gnu++0x";
				CLANG_CXX_LIBRARY = "libc++";
				CLANG_ENABLE_MODULES = YES;
				CLANG_ENABLE_OBJC_ARC = YES;
				CLANG_WARN_BOOL_CONVERSION = YES;
				CLANG_WARN_CONSTANT_CONVERSION = YES;
				CLANG_WARN_DIRECT_OBJC_ISA_USAGE = YES_ERROR;
				CLANG_WARN_EMPTY_BODY = YES;
				CLANG_WARN_ENUM_CONVERSION = YES;
				CLANG_WARN_INT_CONVERSION = YES;
				CLANG_WARN_OBJC_ROOT_CLASS = YES_ERROR;
				CLANG_WARN_UNREACHABLE_CODE = YES;
				CLANG_WARN__DUPLICATE_METHOD_MATCH = YES;
				"CODE_SIGN_IDENTITY[sdk=iphoneos*]" = "iPhone Developer";
				COPY_PHASE_STRIP = NO;
				DEBUG_INFORMATION_FORMAT = "dwarf-with-dsym";
				ENABLE_NS_ASSERTIONS = NO;
				ENABLE_STRICT_OBJC_MSGSEND = YES;
				GCC_C_LANGUAGE_STANDARD = gnu99;
				GCC_NO_COMMON_BLOCKS = YES;
				GCC_WARN_64_TO_32_BIT_CONVERSION = YES;
				GCC_WARN_ABOUT_RETURN_TYPE = YES_ERROR;
				GCC_WARN_UNDECLARED_SELECTOR = YES;
				GCC_WARN_UNINITIALIZED_AUTOS = YES_AGGRESSIVE;
				GCC_WARN_UNUSED_FUNCTION = YES;
				GCC_WARN_UNUSED_VARIABLE = YES;
				IPHONEOS_DEPLOYMENT_TARGET = 9.2;
				MTL_ENABLE_DEBUG_INFO = NO;
				SDKROOT = iphoneos;
				VALIDATE_PRODUCT = YES;
			};
			name = Release;
		};
		2ACA4FEF1C8E1DE300F98C41 /* Debug */ = {
			isa = XCBuildConfiguration;
			buildSettings = {
				ASSETCATALOG_COMPILER_APPICON_NAME = AppIcon;
				INFOPLIST_FILE = TableView/Info.plist;
				LD_RUNPATH_SEARCH_PATHS = "$(inherited) @executable_path/Frameworks";
				PRODUCT_BUNDLE_IDENTIFIER = edu.usc.TableView;
				PRODUCT_NAME = "$(TARGET_NAME)";
			};
			name = Debug;
		};
		2ACA4FF01C8E1DE300F98C41 /* Release */ = {
			isa = XCBuildConfiguration;
			buildSettings = {
				ASSETCATALOG_COMPILER_APPICON_NAME = AppIcon;
				INFOPLIST_FILE = TableView/Info.plist;
				LD_RUNPATH_SEARCH_PATHS = "$(inherited) @executable_path/Frameworks";
				PRODUCT_BUNDLE_IDENTIFIER = edu.usc.TableView;
				PRODUCT_NAME = "$(TARGET_NAME)";
			};
			name = Release;
		};
		2ACA4FF21C8E1DE300F98C41 /* Debug */ = {
			isa = XCBuildConfiguration;
			buildSettings = {
				BUNDLE_LOADER = "$(TEST_HOST)";
				INFOPLIST_FILE = TableViewTests/Info.plist;
				LD_RUNPATH_SEARCH_PATHS = "$(inherited) @executable_path/Frameworks @loader_path/Frameworks";
				PRODUCT_BUNDLE_IDENTIFIER = edu.usc.TableViewTests;
				PRODUCT_NAME = "$(TARGET_NAME)";
				TEST_HOST = "$(BUILT_PRODUCTS_DIR)/TableView.app/TableView";
			};
			name = Debug;
		};
		2ACA4FF31C8E1DE300F98C41 /* Release */ = {
			isa = XCBuildConfiguration;
			buildSettings = {
				BUNDLE_LOADER = "$(TEST_HOST)";
				INFOPLIST_FILE = TableViewTests/Info.plist;
				LD_RUNPATH_SEARCH_PATHS = "$(inherited) @executable_path/Frameworks @loader_path/Frameworks";
				PRODUCT_BUNDLE_IDENTIFIER = edu.usc.TableViewTests;
				PRODUCT_NAME = "$(TARGET_NAME)";
				TEST_HOST = "$(BUILT_PRODUCTS_DIR)/TableView.app/TableView";
			};
			name = Release;
		};
		2ACA4FF51C8E1DE300F98C41 /* Debug */ = {
			isa = XCBuildConfiguration;
			buildSettings = {
				INFOPLIST_FILE = TableViewUITests/Info.plist;
				LD_RUNPATH_SEARCH_PATHS = "$(inherited) @executable_path/Frameworks @loader_path/Frameworks";
				PRODUCT_BUNDLE_IDENTIFIER = edu.usc.TableViewUITests;
				PRODUCT_NAME = "$(TARGET_NAME)";
				TEST_TARGET_NAME = TableView;
				USES_XCTRUNNER = YES;
			};
			name = Debug;
		};
		2ACA4FF61C8E1DE300F98C41 /* Release */ = {
			isa = XCBuildConfiguration;
			buildSettings = {
				INFOPLIST_FILE = TableViewUITests/Info.plist;
				LD_RUNPATH_SEARCH_PATHS = "$(inherited) @executable_path/Frameworks @loader_path/Frameworks";
				PRODUCT_BUNDLE_IDENTIFIER = edu.usc.TableViewUITests;
				PRODUCT_NAME = "$(TARGET_NAME)";
				TEST_TARGET_NAME = TableView;
				USES_XCTRUNNER = YES;
			};
			name = Release;
		};
/* End XCBuildConfiguration section */

/* Begin XCConfigurationList section */
		2ACA4FBC1C8E1DE300F98C41 /* Build configuration list for PBXProject "TableView" */ = {
			isa = XCConfigurationList;
			buildConfigurations = (
				2ACA4FEC1C8E1DE300F98C41 /* Debug */,
				2ACA4FED1C8E1DE300F98C41 /* Release */,
			);
			defaultConfigurationIsVisible = 0;
			defaultConfigurationName = Release;
		};
		2ACA4FEE1C8E1DE300F98C41 /* Build configuration list for PBXNativeTarget "TableView" */ = {
			isa = XCConfigurationList;
			buildConfigurations = (
				2ACA4FEF1C8E1DE300F98C41 /* Debug */,
				2ACA4FF01C8E1DE300F98C41 /* Release */,
			);
			defaultConfigurationIsVisible = 0;
		};
		2ACA4FF11C8E1DE300F98C41 /* Build configuration list for PBXNativeTarget "TableViewTests" */ = {
			isa = XCConfigurationList;
			buildConfigurations = (
				2ACA4FF21C8E1DE300F98C41 /* Debug */,
				2ACA4FF31C8E1DE300F98C41 /* Release */,
			);
			defaultConfigurationIsVisible = 0;
		};
		2ACA4FF41C8E1DE300F98C41 /* Build configuration list for PBXNativeTarget "TableViewUITests" */ = {
			isa = XCConfigurationList;
			buildConfigurations = (
				2ACA4FF51C8E1DE300F98C41 /* Debug */,
				2ACA4FF61C8E1DE300F98C41 /* Release */,
			);
			defaultConfigurationIsVisible = 0;
		};
/* End XCConfigurationList section */
	};
	rootObject = 2ACA4FB91C8E1DE300F98C41 /* Project object */;
}
