// !$*UTF8*$!
{
	archiveVersion = 1;
	classes = {
	};
	objectVersion = 46;
	objects = {

/* Begin PBXBuildFile section */
		2A535C491C4454F3005CAB26 /* main.m in Sources */ = {isa = PBXBuildFile; fileRef = 2A535C481C4454F3005CAB26 /* main.m */; };
		2A535C4C1C4454F3005CAB26 /* AppDelegate.m in Sources */ = {isa = PBXBuildFile; fileRef = 2A535C4B1C4454F3005CAB26 /* AppDelegate.m */; };
		2A535C4F1C4454F3005CAB26 /* ViewController.m in Sources */ = {isa = PBXBuildFile; fileRef = 2A535C4E1C4454F3005CAB26 /* ViewController.m */; };
		2A535C521C4454F4005CAB26 /* Main.storyboard in Resources */ = {isa = PBXBuildFile; fileRef = 2A535C501C4454F4005CAB26 /* Main.storyboard */; };
		2A535C541C4454F4005CAB26 /* Assets.xcassets in Resources */ = {isa = PBXBuildFile; fileRef = 2A535C531C4454F4005CAB26 /* Assets.xcassets */; };
		2A535C571C4454F4005CAB26 /* LaunchScreen.storyboard in Resources */ = {isa = PBXBuildFile; fileRef = 2A535C551C4454F4005CAB26 /* LaunchScreen.storyboard */; };
		2A535C621C4454F4005CAB26 /* HelloWorldTests.m in Sources */ = {isa = PBXBuildFile; fileRef = 2A535C611C4454F4005CAB26 /* HelloWorldTests.m */; };
		2A535C6D1C4454F4005CAB26 /* HelloWorldUITests.m in Sources */ = {isa = PBXBuildFile; fileRef = 2A535C6C1C4454F4005CAB26 /* HelloWorldUITests.m */; };
/* End PBXBuildFile section */

/* Begin PBXContainerItemProxy section */
		2A535C5E1C4454F4005CAB26 /* PBXContainerItemProxy */ = {
			isa = PBXContainerItemProxy;
			containerPortal = 2A535C3C1C4454F3005CAB26 /* Project object */;
			proxyType = 1;
			remoteGlobalIDString = 2A535C431C4454F3005CAB26;
			remoteInfo = HelloWorld;
		};
		2A535C691C4454F4005CAB26 /* PBXContainerItemProxy */ = {
			isa = PBXContainerItemProxy;
			containerPortal = 2A535C3C1C4454F3005CAB26 /* Project object */;
			proxyType = 1;
			remoteGlobalIDString = 2A535C431C4454F3005CAB26;
			remoteInfo = HelloWorld;
		};
/* End PBXContainerItemProxy section */

/* Begin PBXFileReference section */
		2A535C441C4454F3005CAB26 /* HelloWorld.app */ = {isa = PBXFileReference; explicitFileType = wrapper.application; includeInIndex = 0; path = HelloWorld.app; sourceTree = BUILT_PRODUCTS_DIR; };
		2A535C481C4454F3005CAB26 /* main.m */ = {isa = PBXFileReference; lastKnownFileType = sourcecode.c.objc; path = main.m; sourceTree = "<group>"; };
		2A535C4A1C4454F3005CAB26 /* AppDelegate.h */ = {isa = PBXFileReference; lastKnownFileType = sourcecode.c.h; path = AppDelegate.h; sourceTree = "<group>"; };
		2A535C4B1C4454F3005CAB26 /* AppDelegate.m */ = {isa = PBXFileReference; lastKnownFileType = sourcecode.c.objc; path = AppDelegate.m; sourceTree = "<group>"; };
		2A535C4D1C4454F3005CAB26 /* ViewController.h */ = {isa = PBXFileReference; lastKnownFileType = sourcecode.c.h; path = ViewController.h; sourceTree = "<group>"; };
		2A535C4E1C4454F3005CAB26 /* ViewController.m */ = {isa = PBXFileReference; lastKnownFileType = sourcecode.c.objc; path = ViewController.m; sourceTree = "<group>"; };
		2A535C511C4454F4005CAB26 /* Base */ = {isa = PBXFileReference; lastKnownFileType = file.storyboard; name = Base; path = Base.lproj/Main.storyboard; sourceTree = "<group>"; };
		2A535C531C4454F4005CAB26 /* Assets.xcassets */ = {isa = PBXFileReference; lastKnownFileType = folder.assetcatalog; path = Assets.xcassets; sourceTree = "<group>"; };
		2A535C561C4454F4005CAB26 /* Base */ = {isa = PBXFileReference; lastKnownFileType = file.storyboard; name = Base; path = Base.lproj/LaunchScreen.storyboard; sourceTree = "<group>"; };
		2A535C581C4454F4005CAB26 /* Info.plist */ = {isa = PBXFileReference; lastKnownFileType = text.plist.xml; path = Info.plist; sourceTree = "<group>"; };
		2A535C5D1C4454F4005CAB26 /* HelloWorldTests.xctest */ = {isa = PBXFileReference; explicitFileType = wrapper.cfbundle; includeInIndex = 0; path = HelloWorldTests.xctest; sourceTree = BUILT_PRODUCTS_DIR; };
		2A535C611C4454F4005CAB26 /* HelloWorldTests.m */ = {isa = PBXFileReference; lastKnownFileType = sourcecode.c.objc; path = HelloWorldTests.m; sourceTree = "<group>"; };
		2A535C631C4454F4005CAB26 /* Info.plist */ = {isa = PBXFileReference; lastKnownFileType = text.plist.xml; path = Info.plist; sourceTree = "<group>"; };
		2A535C681C4454F4005CAB26 /* HelloWorldUITests.xctest */ = {isa = PBXFileReference; explicitFileType = wrapper.cfbundle; includeInIndex = 0; path = HelloWorldUITests.xctest; sourceTree = BUILT_PRODUCTS_DIR; };
		2A535C6C1C4454F4005CAB26 /* HelloWorldUITests.m */ = {isa = PBXFileReference; lastKnownFileType = sourcecode.c.objc; path = HelloWorldUITests.m; sourceTree = "<group>"; };
		2A535C6E1C4454F4005CAB26 /* Info.plist */ = {isa = PBXFileReference; lastKnownFileType = text.plist.xml; path = Info.plist; sourceTree = "<group>"; };
/* End PBXFileReference section */

/* Begin PBXFrameworksBuildPhase section */
		2A535C411C4454F3005CAB26 /* Frameworks */ = {
			isa = PBXFrameworksBuildPhase;
			buildActionMask = 2147483647;
			files = (
			);
			runOnlyForDeploymentPostprocessing = 0;
		};
		2A535C5A1C4454F4005CAB26 /* Frameworks */ = {
			isa = PBXFrameworksBuildPhase;
			buildActionMask = 2147483647;
			files = (
			);
			runOnlyForDeploymentPostprocessing = 0;
		};
		2A535C651C4454F4005CAB26 /* Frameworks */ = {
			isa = PBXFrameworksBuildPhase;
			buildActionMask = 2147483647;
			files = (
			);
			runOnlyForDeploymentPostprocessing = 0;
		};
/* End PBXFrameworksBuildPhase section */

/* Begin PBXGroup section */
		2A535C3B1C4454F3005CAB26 = {
			isa = PBXGroup;
			children = (
				2A535C461C4454F3005CAB26 /* HelloWorld */,
				2A535C601C4454F4005CAB26 /* HelloWorldTests */,
				2A535C6B1C4454F4005CAB26 /* HelloWorldUITests */,
				2A535C451C4454F3005CAB26 /* Products */,
			);
			sourceTree = "<group>";
		};
		2A535C451C4454F3005CAB26 /* Products */ = {
			isa = PBXGroup;
			children = (
				2A535C441C4454F3005CAB26 /* HelloWorld.app */,
				2A535C5D1C4454F4005CAB26 /* HelloWorldTests.xctest */,
				2A535C681C4454F4005CAB26 /* HelloWorldUITests.xctest */,
			);
			name = Products;
			sourceTree = "<group>";
		};
		2A535C461C4454F3005CAB26 /* HelloWorld */ = {
			isa = PBXGroup;
			children = (
				2A535C4A1C4454F3005CAB26 /* AppDelegate.h */,
				2A535C4B1C4454F3005CAB26 /* AppDelegate.m */,
				2A535C4D1C4454F3005CAB26 /* ViewController.h */,
				2A535C4E1C4454F3005CAB26 /* ViewController.m */,
				2A535C501C4454F4005CAB26 /* Main.storyboard */,
				2A535C531C4454F4005CAB26 /* Assets.xcassets */,
				2A535C551C4454F4005CAB26 /* LaunchScreen.storyboard */,
				2A535C581C4454F4005CAB26 /* Info.plist */,
				2A535C471C4454F3005CAB26 /* Supporting Files */,
			);
			path = HelloWorld;
			sourceTree = "<group>";
		};
		2A535C471C4454F3005CAB26 /* Supporting Files */ = {
			isa = PBXGroup;
			children = (
				2A535C481C4454F3005CAB26 /* main.m */,
			);
			name = "Supporting Files";
			sourceTree = "<group>";
		};
		2A535C601C4454F4005CAB26 /* HelloWorldTests */ = {
			isa = PBXGroup;
			children = (
				2A535C611C4454F4005CAB26 /* HelloWorldTests.m */,
				2A535C631C4454F4005CAB26 /* Info.plist */,
			);
			path = HelloWorldTests;
			sourceTree = "<group>";
		};
		2A535C6B1C4454F4005CAB26 /* HelloWorldUITests */ = {
			isa = PBXGroup;
			children = (
				2A535C6C1C4454F4005CAB26 /* HelloWorldUITests.m */,
				2A535C6E1C4454F4005CAB26 /* Info.plist */,
			);
			path = HelloWorldUITests;
			sourceTree = "<group>";
		};
/* End PBXGroup section */

/* Begin PBXNativeTarget section */
		2A535C431C4454F3005CAB26 /* HelloWorld */ = {
			isa = PBXNativeTarget;
			buildConfigurationList = 2A535C711C4454F4005CAB26 /* Build configuration list for PBXNativeTarget "HelloWorld" */;
			buildPhases = (
				2A535C401C4454F3005CAB26 /* Sources */,
				2A535C411C4454F3005CAB26 /* Frameworks */,
				2A535C421C4454F3005CAB26 /* Resources */,
			);
			buildRules = (
			);
			dependencies = (
			);
			name = HelloWorld;
			productName = HelloWorld;
			productReference = 2A535C441C4454F3005CAB26 /* HelloWorld.app */;
			productType = "com.apple.product-type.application";
		};
		2A535C5C1C4454F4005CAB26 /* HelloWorldTests */ = {
			isa = PBXNativeTarget;
			buildConfigurationList = 2A535C741C4454F4005CAB26 /* Build configuration list for PBXNativeTarget "HelloWorldTests" */;
			buildPhases = (
				2A535C591C4454F4005CAB26 /* Sources */,
				2A535C5A1C4454F4005CAB26 /* Frameworks */,
				2A535C5B1C4454F4005CAB26 /* Resources */,
			);
			buildRules = (
			);
			dependencies = (
				2A535C5F1C4454F4005CAB26 /* PBXTargetDependency */,
			);
			name = HelloWorldTests;
			productName = HelloWorldTests;
			productReference = 2A535C5D1C4454F4005CAB26 /* HelloWorldTests.xctest */;
			productType = "com.apple.product-type.bundle.unit-test";
		};
		2A535C671C4454F4005CAB26 /* HelloWorldUITests */ = {
			isa = PBXNativeTarget;
			buildConfigurationList = 2A535C771C4454F4005CAB26 /* Build configuration list for PBXNativeTarget "HelloWorldUITests" */;
			buildPhases = (
				2A535C641C4454F4005CAB26 /* Sources */,
				2A535C651C4454F4005CAB26 /* Frameworks */,
				2A535C661C4454F4005CAB26 /* Resources */,
			);
			buildRules = (
			);
			dependencies = (
				2A535C6A1C4454F4005CAB26 /* PBXTargetDependency */,
			);
			name = HelloWorldUITests;
			productName = HelloWorldUITests;
			productReference = 2A535C681C4454F4005CAB26 /* HelloWorldUITests.xctest */;
			productType = "com.apple.product-type.bundle.ui-testing";
		};
/* End PBXNativeTarget section */

/* Begin PBXProject section */
		2A535C3C1C4454F3005CAB26 /* Project object */ = {
			isa = PBXProject;
			attributes = {
				LastUpgradeCheck = 0720;
				ORGANIZATIONNAME = LJ;
				TargetAttributes = {
					2A535C431C4454F3005CAB26 = {
						CreatedOnToolsVersion = 7.2;
					};
					2A535C5C1C4454F4005CAB26 = {
						CreatedOnToolsVersion = 7.2;
						TestTargetID = 2A535C431C4454F3005CAB26;
					};
					2A535C671C4454F4005CAB26 = {
						CreatedOnToolsVersion = 7.2;
						TestTargetID = 2A535C431C4454F3005CAB26;
					};
				};
			};
			buildConfigurationList = 2A535C3F1C4454F3005CAB26 /* Build configuration list for PBXProject "HelloWorld" */;
			compatibilityVersion = "Xcode 3.2";
			developmentRegion = English;
			hasScannedForEncodings = 0;
			knownRegions = (
				en,
				Base,
			);
			mainGroup = 2A535C3B1C4454F3005CAB26;
			productRefGroup = 2A535C451C4454F3005CAB26 /* Products */;
			projectDirPath = "";
			projectRoot = "";
			targets = (
				2A535C431C4454F3005CAB26 /* HelloWorld */,
				2A535C5C1C4454F4005CAB26 /* HelloWorldTests */,
				2A535C671C4454F4005CAB26 /* HelloWorldUITests */,
			);
		};
/* End PBXProject section */

/* Begin PBXResourcesBuildPhase section */
		2A535C421C4454F3005CAB26 /* Resources */ = {
			isa = PBXResourcesBuildPhase;
			buildActionMask = 2147483647;
			files = (
				2A535C571C4454F4005CAB26 /* LaunchScreen.storyboard in Resources */,
				2A535C541C4454F4005CAB26 /* Assets.xcassets in Resources */,
				2A535C521C4454F4005CAB26 /* Main.storyboard in Resources */,
			);
			runOnlyForDeploymentPostprocessing = 0;
		};
		2A535C5B1C4454F4005CAB26 /* Resources */ = {
			isa = PBXResourcesBuildPhase;
			buildActionMask = 2147483647;
			files = (
			);
			runOnlyForDeploymentPostprocessing = 0;
		};
		2A535C661C4454F4005CAB26 /* Resources */ = {
			isa = PBXResourcesBuildPhase;
			buildActionMask = 2147483647;
			files = (
			);
			runOnlyForDeploymentPostprocessing = 0;
		};
/* End PBXResourcesBuildPhase section */

/* Begin PBXSourcesBuildPhase section */
		2A535C401C4454F3005CAB26 /* Sources */ = {
			isa = PBXSourcesBuildPhase;
			buildActionMask = 2147483647;
			files = (
				2A535C4F1C4454F3005CAB26 /* ViewController.m in Sources */,
				2A535C4C1C4454F3005CAB26 /* AppDelegate.m in Sources */,
				2A535C491C4454F3005CAB26 /* main.m in Sources */,
			);
			runOnlyForDeploymentPostprocessing = 0;
		};
		2A535C591C4454F4005CAB26 /* Sources */ = {
			isa = PBXSourcesBuildPhase;
			buildActionMask = 2147483647;
			files = (
				2A535C621C4454F4005CAB26 /* HelloWorldTests.m in Sources */,
			);
			runOnlyForDeploymentPostprocessing = 0;
		};
		2A535C641C4454F4005CAB26 /* Sources */ = {
			isa = PBXSourcesBuildPhase;
			buildActionMask = 2147483647;
			files = (
				2A535C6D1C4454F4005CAB26 /* HelloWorldUITests.m in Sources */,
			);
			runOnlyForDeploymentPostprocessing = 0;
		};
/* End PBXSourcesBuildPhase section */

/* Begin PBXTargetDependency section */
		2A535C5F1C4454F4005CAB26 /* PBXTargetDependency */ = {
			isa = PBXTargetDependency;
			target = 2A535C431C4454F3005CAB26 /* HelloWorld */;
			targetProxy = 2A535C5E1C4454F4005CAB26 /* PBXContainerItemProxy */;
		};
		2A535C6A1C4454F4005CAB26 /* PBXTargetDependency */ = {
			isa = PBXTargetDependency;
			target = 2A535C431C4454F3005CAB26 /* HelloWorld */;
			targetProxy = 2A535C691C4454F4005CAB26 /* PBXContainerItemProxy */;
		};
/* End PBXTargetDependency section */

/* Begin PBXVariantGroup section */
		2A535C501C4454F4005CAB26 /* Main.storyboard */ = {
			isa = PBXVariantGroup;
			children = (
				2A535C511C4454F4005CAB26 /* Base */,
			);
			name = Main.storyboard;
			sourceTree = "<group>";
		};
		2A535C551C4454F4005CAB26 /* LaunchScreen.storyboard */ = {
			isa = PBXVariantGroup;
			children = (
				2A535C561C4454F4005CAB26 /* Base */,
			);
			name = LaunchScreen.storyboard;
			sourceTree = "<group>";
		};
/* End PBXVariantGroup section */

/* Begin XCBuildConfiguration section */
		2A535C6F1C4454F4005CAB26 /* Debug */ = {
			isa = XCBuildConfiguration;
			buildSettings = {
				ALWAYS_SEARCH_USER_PATHS = NO;
				CLANG_CXX_LANGUAGE_STANDARD = "gnu++0x";
				CLANG_CXX_LIBRARY = "libc++";
				CLANG_ENABLE_MODULES = YES;
				CLANG_ENABLE_OBJC_ARC = YES;
				CLANG_WARN_BOOL_CONVERSION = YES;
				CLANG_WARN_CONSTANT_CONVERSION = YES;
				CLANG_WARN_DIRECT_OBJC_ISA_USAGE = YES_ERROR;
				CLANG_WARN_EMPTY_BODY = YES;
				CLANG_WARN_ENUM_CONVERSION = YES;
				CLANG_WARN_INT_CONVERSION = YES;
				CLANG_WARN_OBJC_ROOT_CLASS = YES_ERROR;
				CLANG_WARN_UNREACHABLE_CODE = YES;
				CLANG_WARN__DUPLICATE_METHOD_MATCH = YES;
				"CODE_SIGN_IDENTITY[sdk=iphoneos*]" = "iPhone Developer";
				COPY_PHASE_STRIP = NO;
				DEBUG_INFORMATION_FORMAT = dwarf;
				ENABLE_STRICT_OBJC_MSGSEND = YES;
				ENABLE_TESTABILITY = YES;
				GCC_C_LANGUAGE_STANDARD = gnu99;
				GCC_DYNAMIC_NO_PIC = NO;
				GCC_NO_COMMON_BLOCKS = YES;
				GCC_OPTIMIZATION_LEVEL = 0;
				GCC_PREPROCESSOR_DEFINITIONS = (
					"DEBUG=1",
					"$(inherited)",
				);
				GCC_WARN_64_TO_32_BIT_CONVERSION = YES;
				GCC_WARN_ABOUT_RETURN_TYPE = YES_ERROR;
				GCC_WARN_UNDECLARED_SELECTOR = YES;
				GCC_WARN_UNINITIALIZED_AUTOS = YES_AGGRESSIVE;
				GCC_WARN_UNUSED_FUNCTION = YES;
				GCC_WARN_UNUSED_VARIABLE = YES;
				IPHONEOS_DEPLOYMENT_TARGET = 9.2;
				MTL_ENABLE_DEBUG_INFO = YES;
				ONLY_ACTIVE_ARCH = YES;
				SDKROOT = iphoneos;
			};
			name = Debug;
		};
		2A535C701C4454F4005CAB26 /* Release */ = {
			isa = XCBuildConfiguration;
			buildSettings = {
				ALWAYS_SEARCH_USER_PATHS = NO;
				CLANG_CXX_LANGUAGE_STANDARD = "gnu++0x";
				CLANG_CXX_LIBRARY = "libc++";
				CLANG_ENABLE_MODULES = YES;
				CLANG_ENABLE_OBJC_ARC = YES;
				CLANG_WARN_BOOL_CONVERSION = YES;
				CLANG_WARN_CONSTANT_CONVERSION = YES;
				CLANG_WARN_DIRECT_OBJC_ISA_USAGE = YES_ERROR;
				CLANG_WARN_EMPTY_BODY = YES;
				CLANG_WARN_ENUM_CONVERSION = YES;
				CLANG_WARN_INT_CONVERSION = YES;
				CLANG_WARN_OBJC_ROOT_CLASS = YES_ERROR;
				CLANG_WARN_UNREACHABLE_CODE = YES;
				CLANG_WARN__DUPLICATE_METHOD_MATCH = YES;
				"CODE_SIGN_IDENTITY[sdk=iphoneos*]" = "iPhone Developer";
				COPY_PHASE_STRIP = NO;
				DEBUG_INFORMATION_FORMAT = "dwarf-with-dsym";
				ENABLE_NS_ASSERTIONS = NO;
				ENABLE_STRICT_OBJC_MSGSEND = YES;
				GCC_C_LANGUAGE_STANDARD = gnu99;
				GCC_NO_COMMON_BLOCKS = YES;
				GCC_WARN_64_TO_32_BIT_CONVERSION = YES;
				GCC_WARN_ABOUT_RETURN_TYPE = YES_ERROR;
				GCC_WARN_UNDECLARED_SELECTOR = YES;
				GCC_WARN_UNINITIALIZED_AUTOS = YES_AGGRESSIVE;
				GCC_WARN_UNUSED_FUNCTION = YES;
				GCC_WARN_UNUSED_VARIABLE = YES;
				IPHONEOS_DEPLOYMENT_TARGET = 9.2;
				MTL_ENABLE_DEBUG_INFO = NO;
				SDKROOT = iphoneos;
				VALIDATE_PRODUCT = YES;
			};
			name = Release;
		};
		2A535C721C4454F4005CAB26 /* Debug */ = {
			isa = XCBuildConfiguration;
			buildSettings = {
				ASSETCATALOG_COMPILER_APPICON_NAME = AppIcon;
				INFOPLIST_FILE = HelloWorld/Info.plist;
				LD_RUNPATH_SEARCH_PATHS = "$(inherited) @executable_path/Frameworks";
				PRODUCT_BUNDLE_IDENTIFIER = edu.usc.HelloWorld;
				PRODUCT_NAME = "$(TARGET_NAME)";
			};
			name = Debug;
		};
		2A535C731C4454F4005CAB26 /* Release */ = {
			isa = XCBuildConfiguration;
			buildSettings = {
				ASSETCATALOG_COMPILER_APPICON_NAME = AppIcon;
				INFOPLIST_FILE = HelloWorld/Info.plist;
				LD_RUNPATH_SEARCH_PATHS = "$(inherited) @executable_path/Frameworks";
				PRODUCT_BUNDLE_IDENTIFIER = edu.usc.HelloWorld;
				PRODUCT_NAME = "$(TARGET_NAME)";
			};
			name = Release;
		};
		2A535C751C4454F4005CAB26 /* Debug */ = {
			isa = XCBuildConfiguration;
			buildSettings = {
				BUNDLE_LOADER = "$(TEST_HOST)";
				INFOPLIST_FILE = HelloWorldTests/Info.plist;
				LD_RUNPATH_SEARCH_PATHS = "$(inherited) @executable_path/Frameworks @loader_path/Frameworks";
				PRODUCT_BUNDLE_IDENTIFIER = edu.usc.HelloWorldTests;
				PRODUCT_NAME = "$(TARGET_NAME)";
				TEST_HOST = "$(BUILT_PRODUCTS_DIR)/HelloWorld.app/HelloWorld";
			};
			name = Debug;
		};
		2A535C761C4454F4005CAB26 /* Release */ = {
			isa = XCBuildConfiguration;
			buildSettings = {
				BUNDLE_LOADER = "$(TEST_HOST)";
				INFOPLIST_FILE = HelloWorldTests/Info.plist;
				LD_RUNPATH_SEARCH_PATHS = "$(inherited) @executable_path/Frameworks @loader_path/Frameworks";
				PRODUCT_BUNDLE_IDENTIFIER = edu.usc.HelloWorldTests;
				PRODUCT_NAME = "$(TARGET_NAME)";
				TEST_HOST = "$(BUILT_PRODUCTS_DIR)/HelloWorld.app/HelloWorld";
			};
			name = Release;
		};
		2A535C781C4454F4005CAB26 /* Debug */ = {
			isa = XCBuildConfiguration;
			buildSettings = {
				INFOPLIST_FILE = HelloWorldUITests/Info.plist;
				LD_RUNPATH_SEARCH_PATHS = "$(inherited) @executable_path/Frameworks @loader_path/Frameworks";
				PRODUCT_BUNDLE_IDENTIFIER = edu.usc.HelloWorldUITests;
				PRODUCT_NAME = "$(TARGET_NAME)";
				TEST_TARGET_NAME = HelloWorld;
				USES_XCTRUNNER = YES;
			};
			name = Debug;
		};
		2A535C791C4454F4005CAB26 /* Release */ = {
			isa = XCBuildConfiguration;
			buildSettings = {
				INFOPLIST_FILE = HelloWorldUITests/Info.plist;
				LD_RUNPATH_SEARCH_PATHS = "$(inherited) @executable_path/Frameworks @loader_path/Frameworks";
				PRODUCT_BUNDLE_IDENTIFIER = edu.usc.HelloWorldUITests;
				PRODUCT_NAME = "$(TARGET_NAME)";
				TEST_TARGET_NAME = HelloWorld;
				USES_XCTRUNNER = YES;
			};
			name = Release;
		};
/* End XCBuildConfiguration section */

/* Begin XCConfigurationList section */
		2A535C3F1C4454F3005CAB26 /* Build configuration list for PBXProject "HelloWorld" */ = {
			isa = XCConfigurationList;
			buildConfigurations = (
				2A535C6F1C4454F4005CAB26 /* Debug */,
				2A535C701C4454F4005CAB26 /* Release */,
			);
			defaultConfigurationIsVisible = 0;
			defaultConfigurationName = Release;
		};
		2A535C711C4454F4005CAB26 /* Build configuration list for PBXNativeTarget "HelloWorld" */ = {
			isa = XCConfigurationList;
			buildConfigurations = (
				2A535C721C4454F4005CAB26 /* Debug */,
				2A535C731C4454F4005CAB26 /* Release */,
			);
			defaultConfigurationIsVisible = 0;
		};
		2A535C741C4454F4005CAB26 /* Build configuration list for PBXNativeTarget "HelloWorldTests" */ = {
			isa = XCConfigurationList;
			buildConfigurations = (
				2A535C751C4454F4005CAB26 /* Debug */,
				2A535C761C4454F4005CAB26 /* Release */,
			);
			defaultConfigurationIsVisible = 0;
		};
		2A535C771C4454F4005CAB26 /* Build configuration list for PBXNativeTarget "HelloWorldUITests" */ = {
			isa = XCConfigurationList;
			buildConfigurations = (
				2A535C781C4454F4005CAB26 /* Debug */,
				2A535C791C4454F4005CAB26 /* Release */,
			);
			defaultConfigurationIsVisible = 0;
		};
/* End XCConfigurationList section */
	};
	rootObject = 2A535C3C1C4454F3005CAB26 /* Project object */;
}
