// !$*UTF8*$!
{
	archiveVersion = 1;
	classes = {
	};
	objectVersion = 46;
	objects = {

/* Begin PBXBuildFile section */
		2AC682E01C46F38D00EAD23E /* main.m in Sources */ = {isa = PBXBuildFile; fileRef = 2AC682DF1C46F38D00EAD23E /* main.m */; };
		2AC682E31C46F38D00EAD23E /* AppDelegate.m in Sources */ = {isa = PBXBuildFile; fileRef = 2AC682E21C46F38D00EAD23E /* AppDelegate.m */; };
		2AC682E61C46F38D00EAD23E /* ViewController.m in Sources */ = {isa = PBXBuildFile; fileRef = 2AC682E51C46F38D00EAD23E /* ViewController.m */; };
		2AC682E91C46F38D00EAD23E /* Main.storyboard in Resources */ = {isa = PBXBuildFile; fileRef = 2AC682E71C46F38D00EAD23E /* Main.storyboard */; };
		2AC682EB1C46F38D00EAD23E /* Assets.xcassets in Resources */ = {isa = PBXBuildFile; fileRef = 2AC682EA1C46F38D00EAD23E /* Assets.xcassets */; };
		2AC682EE1C46F38D00EAD23E /* LaunchScreen.storyboard in Resources */ = {isa = PBXBuildFile; fileRef = 2AC682EC1C46F38D00EAD23E /* LaunchScreen.storyboard */; };
		2AC682F91C46F38D00EAD23E /* HelloWorld2Tests.m in Sources */ = {isa = PBXBuildFile; fileRef = 2AC682F81C46F38D00EAD23E /* HelloWorld2Tests.m */; };
		2AC683041C46F38D00EAD23E /* HelloWorld2UITests.m in Sources */ = {isa = PBXBuildFile; fileRef = 2AC683031C46F38D00EAD23E /* HelloWorld2UITests.m */; };
/* End PBXBuildFile section */

/* Begin PBXContainerItemProxy section */
		2AC682F51C46F38D00EAD23E /* PBXContainerItemProxy */ = {
			isa = PBXContainerItemProxy;
			containerPortal = 2AC682D31C46F38D00EAD23E /* Project object */;
			proxyType = 1;
			remoteGlobalIDString = 2AC682DA1C46F38D00EAD23E;
			remoteInfo = HelloWorld2;
		};
		2AC683001C46F38D00EAD23E /* PBXContainerItemProxy */ = {
			isa = PBXContainerItemProxy;
			containerPortal = 2AC682D31C46F38D00EAD23E /* Project object */;
			proxyType = 1;
			remoteGlobalIDString = 2AC682DA1C46F38D00EAD23E;
			remoteInfo = HelloWorld2;
		};
/* End PBXContainerItemProxy section */

/* Begin PBXFileReference section */
		2AC682DB1C46F38D00EAD23E /* HelloWorld2.app */ = {isa = PBXFileReference; explicitFileType = wrapper.application; includeInIndex = 0; path = HelloWorld2.app; sourceTree = BUILT_PRODUCTS_DIR; };
		2AC682DF1C46F38D00EAD23E /* main.m */ = {isa = PBXFileReference; lastKnownFileType = sourcecode.c.objc; path = main.m; sourceTree = "<group>"; };
		2AC682E11C46F38D00EAD23E /* AppDelegate.h */ = {isa = PBXFileReference; lastKnownFileType = sourcecode.c.h; path = AppDelegate.h; sourceTree = "<group>"; };
		2AC682E21C46F38D00EAD23E /* AppDelegate.m */ = {isa = PBXFileReference; lastKnownFileType = sourcecode.c.objc; path = AppDelegate.m; sourceTree = "<group>"; };
		2AC682E41C46F38D00EAD23E /* ViewController.h */ = {isa = PBXFileReference; lastKnownFileType = sourcecode.c.h; path = ViewController.h; sourceTree = "<group>"; };
		2AC682E51C46F38D00EAD23E /* ViewController.m */ = {isa = PBXFileReference; lastKnownFileType = sourcecode.c.objc; path = ViewController.m; sourceTree = "<group>"; };
		2AC682E81C46F38D00EAD23E /* Base */ = {isa = PBXFileReference; lastKnownFileType = file.storyboard; name = Base; path = Base.lproj/Main.storyboard; sourceTree = "<group>"; };
		2AC682EA1C46F38D00EAD23E /* Assets.xcassets */ = {isa = PBXFileReference; lastKnownFileType = folder.assetcatalog; path = Assets.xcassets; sourceTree = "<group>"; };
		2AC682ED1C46F38D00EAD23E /* Base */ = {isa = PBXFileReference; lastKnownFileType = file.storyboard; name = Base; path = Base.lproj/LaunchScreen.storyboard; sourceTree = "<group>"; };
		2AC682EF1C46F38D00EAD23E /* Info.plist */ = {isa = PBXFileReference; lastKnownFileType = text.plist.xml; path = Info.plist; sourceTree = "<group>"; };
		2AC682F41C46F38D00EAD23E /* HelloWorld2Tests.xctest */ = {isa = PBXFileReference; explicitFileType = wrapper.cfbundle; includeInIndex = 0; path = HelloWorld2Tests.xctest; sourceTree = BUILT_PRODUCTS_DIR; };
		2AC682F81C46F38D00EAD23E /* HelloWorld2Tests.m */ = {isa = PBXFileReference; lastKnownFileType = sourcecode.c.objc; path = HelloWorld2Tests.m; sourceTree = "<group>"; };
		2AC682FA1C46F38D00EAD23E /* Info.plist */ = {isa = PBXFileReference; lastKnownFileType = text.plist.xml; path = Info.plist; sourceTree = "<group>"; };
		2AC682FF1C46F38D00EAD23E /* HelloWorld2UITests.xctest */ = {isa = PBXFileReference; explicitFileType = wrapper.cfbundle; includeInIndex = 0; path = HelloWorld2UITests.xctest; sourceTree = BUILT_PRODUCTS_DIR; };
		2AC683031C46F38D00EAD23E /* HelloWorld2UITests.m */ = {isa = PBXFileReference; lastKnownFileType = sourcecode.c.objc; path = HelloWorld2UITests.m; sourceTree = "<group>"; };
		2AC683051C46F38D00EAD23E /* Info.plist */ = {isa = PBXFileReference; lastKnownFileType = text.plist.xml; path = Info.plist; sourceTree = "<group>"; };
/* End PBXFileReference section */

/* Begin PBXFrameworksBuildPhase section */
		2AC682D81C46F38D00EAD23E /* Frameworks */ = {
			isa = PBXFrameworksBuildPhase;
			buildActionMask = 2147483647;
			files = (
			);
			runOnlyForDeploymentPostprocessing = 0;
		};
		2AC682F11C46F38D00EAD23E /* Frameworks */ = {
			isa = PBXFrameworksBuildPhase;
			buildActionMask = 2147483647;
			files = (
			);
			runOnlyForDeploymentPostprocessing = 0;
		};
		2AC682FC1C46F38D00EAD23E /* Frameworks */ = {
			isa = PBXFrameworksBuildPhase;
			buildActionMask = 2147483647;
			files = (
			);
			runOnlyForDeploymentPostprocessing = 0;
		};
/* End PBXFrameworksBuildPhase section */

/* Begin PBXGroup section */
		2AC682D21C46F38D00EAD23E = {
			isa = PBXGroup;
			children = (
				2AC682DD1C46F38D00EAD23E /* HelloWorld2 */,
				2AC682F71C46F38D00EAD23E /* HelloWorld2Tests */,
				2AC683021C46F38D00EAD23E /* HelloWorld2UITests */,
				2AC682DC1C46F38D00EAD23E /* Products */,
			);
			sourceTree = "<group>";
		};
		2AC682DC1C46F38D00EAD23E /* Products */ = {
			isa = PBXGroup;
			children = (
				2AC682DB1C46F38D00EAD23E /* HelloWorld2.app */,
				2AC682F41C46F38D00EAD23E /* HelloWorld2Tests.xctest */,
				2AC682FF1C46F38D00EAD23E /* HelloWorld2UITests.xctest */,
			);
			name = Products;
			sourceTree = "<group>";
		};
		2AC682DD1C46F38D00EAD23E /* HelloWorld2 */ = {
			isa = PBXGroup;
			children = (
				2AC682E41C46F38D00EAD23E /* ViewController.h */,
				2AC682E51C46F38D00EAD23E /* ViewController.m */,
				2AC682E71C46F38D00EAD23E /* Main.storyboard */,
				2AC682EA1C46F38D00EAD23E /* Assets.xcassets */,
				2AC682EC1C46F38D00EAD23E /* LaunchScreen.storyboard */,
				2AC682EF1C46F38D00EAD23E /* Info.plist */,
				2AC682DE1C46F38D00EAD23E /* Supporting Files */,
			);
			path = HelloWorld2;
			sourceTree = "<group>";
		};
		2AC682DE1C46F38D00EAD23E /* Supporting Files */ = {
			isa = PBXGroup;
			children = (
				2AC682E11C46F38D00EAD23E /* AppDelegate.h */,
				2AC682E21C46F38D00EAD23E /* AppDelegate.m */,
				2AC682DF1C46F38D00EAD23E /* main.m */,
			);
			name = "Supporting Files";
			sourceTree = "<group>";
		};
		2AC682F71C46F38D00EAD23E /* HelloWorld2Tests */ = {
			isa = PBXGroup;
			children = (
				2AC682F81C46F38D00EAD23E /* HelloWorld2Tests.m */,
				2AC682FA1C46F38D00EAD23E /* Info.plist */,
			);
			path = HelloWorld2Tests;
			sourceTree = "<group>";
		};
		2AC683021C46F38D00EAD23E /* HelloWorld2UITests */ = {
			isa = PBXGroup;
			children = (
				2AC683031C46F38D00EAD23E /* HelloWorld2UITests.m */,
				2AC683051C46F38D00EAD23E /* Info.plist */,
			);
			path = HelloWorld2UITests;
			sourceTree = "<group>";
		};
/* End PBXGroup section */

/* Begin PBXNativeTarget section */
		2AC682DA1C46F38D00EAD23E /* HelloWorld2 */ = {
			isa = PBXNativeTarget;
			buildConfigurationList = 2AC683081C46F38D00EAD23E /* Build configuration list for PBXNativeTarget "HelloWorld2" */;
			buildPhases = (
				2AC682D71C46F38D00EAD23E /* Sources */,
				2AC682D81C46F38D00EAD23E /* Frameworks */,
				2AC682D91C46F38D00EAD23E /* Resources */,
			);
			buildRules = (
			);
			dependencies = (
			);
			name = HelloWorld2;
			productName = HelloWorld2;
			productReference = 2AC682DB1C46F38D00EAD23E /* HelloWorld2.app */;
			productType = "com.apple.product-type.application";
		};
		2AC682F31C46F38D00EAD23E /* HelloWorld2Tests */ = {
			isa = PBXNativeTarget;
			buildConfigurationList = 2AC6830B1C46F38D00EAD23E /* Build configuration list for PBXNativeTarget "HelloWorld2Tests" */;
			buildPhases = (
				2AC682F01C46F38D00EAD23E /* Sources */,
				2AC682F11C46F38D00EAD23E /* Frameworks */,
				2AC682F21C46F38D00EAD23E /* Resources */,
			);
			buildRules = (
			);
			dependencies = (
				2AC682F61C46F38D00EAD23E /* PBXTargetDependency */,
			);
			name = HelloWorld2Tests;
			productName = HelloWorld2Tests;
			productReference = 2AC682F41C46F38D00EAD23E /* HelloWorld2Tests.xctest */;
			productType = "com.apple.product-type.bundle.unit-test";
		};
		2AC682FE1C46F38D00EAD23E /* HelloWorld2UITests */ = {
			isa = PBXNativeTarget;
			buildConfigurationList = 2AC6830E1C46F38D00EAD23E /* Build configuration list for PBXNativeTarget "HelloWorld2UITests" */;
			buildPhases = (
				2AC682FB1C46F38D00EAD23E /* Sources */,
				2AC682FC1C46F38D00EAD23E /* Frameworks */,
				2AC682FD1C46F38D00EAD23E /* Resources */,
			);
			buildRules = (
			);
			dependencies = (
				2AC683011C46F38D00EAD23E /* PBXTargetDependency */,
			);
			name = HelloWorld2UITests;
			productName = HelloWorld2UITests;
			productReference = 2AC682FF1C46F38D00EAD23E /* HelloWorld2UITests.xctest */;
			productType = "com.apple.product-type.bundle.ui-testing";
		};
/* End PBXNativeTarget section */

/* Begin PBXProject section */
		2AC682D31C46F38D00EAD23E /* Project object */ = {
			isa = PBXProject;
			attributes = {
				LastUpgradeCheck = 0720;
				ORGANIZATIONNAME = "Jerry Webb";
				TargetAttributes = {
					2AC682DA1C46F38D00EAD23E = {
						CreatedOnToolsVersion = 7.2;
					};
					2AC682F31C46F38D00EAD23E = {
						CreatedOnToolsVersion = 7.2;
						TestTargetID = 2AC682DA1C46F38D00EAD23E;
					};
					2AC682FE1C46F38D00EAD23E = {
						CreatedOnToolsVersion = 7.2;
						TestTargetID = 2AC682DA1C46F38D00EAD23E;
					};
				};
			};
			buildConfigurationList = 2AC682D61C46F38D00EAD23E /* Build configuration list for PBXProject "HelloWorld2" */;
			compatibilityVersion = "Xcode 3.2";
			developmentRegion = English;
			hasScannedForEncodings = 0;
			knownRegions = (
				en,
				Base,
			);
			mainGroup = 2AC682D21C46F38D00EAD23E;
			productRefGroup = 2AC682DC1C46F38D00EAD23E /* Products */;
			projectDirPath = "";
			projectRoot = "";
			targets = (
				2AC682DA1C46F38D00EAD23E /* HelloWorld2 */,
				2AC682F31C46F38D00EAD23E /* HelloWorld2Tests */,
				2AC682FE1C46F38D00EAD23E /* HelloWorld2UITests */,
			);
		};
/* End PBXProject section */

/* Begin PBXResourcesBuildPhase section */
		2AC682D91C46F38D00EAD23E /* Resources */ = {
			isa = PBXResourcesBuildPhase;
			buildActionMask = 2147483647;
			files = (
				2AC682EE1C46F38D00EAD23E /* LaunchScreen.storyboard in Resources */,
				2AC682EB1C46F38D00EAD23E /* Assets.xcassets in Resources */,
				2AC682E91C46F38D00EAD23E /* Main.storyboard in Resources */,
			);
			runOnlyForDeploymentPostprocessing = 0;
		};
		2AC682F21C46F38D00EAD23E /* Resources */ = {
			isa = PBXResourcesBuildPhase;
			buildActionMask = 2147483647;
			files = (
			);
			runOnlyForDeploymentPostprocessing = 0;
		};
		2AC682FD1C46F38D00EAD23E /* Resources */ = {
			isa = PBXResourcesBuildPhase;
			buildActionMask = 2147483647;
			files = (
			);
			runOnlyForDeploymentPostprocessing = 0;
		};
/* End PBXResourcesBuildPhase section */

/* Begin PBXSourcesBuildPhase section */
		2AC682D71C46F38D00EAD23E /* Sources */ = {
			isa = PBXSourcesBuildPhase;
			buildActionMask = 2147483647;
			files = (
				2AC682E61C46F38D00EAD23E /* ViewController.m in Sources */,
				2AC682E31C46F38D00EAD23E /* AppDelegate.m in Sources */,
				2AC682E01C46F38D00EAD23E /* main.m in Sources */,
			);
			runOnlyForDeploymentPostprocessing = 0;
		};
		2AC682F01C46F38D00EAD23E /* Sources */ = {
			isa = PBXSourcesBuildPhase;
			buildActionMask = 2147483647;
			files = (
				2AC682F91C46F38D00EAD23E /* HelloWorld2Tests.m in Sources */,
			);
			runOnlyForDeploymentPostprocessing = 0;
		};
		2AC682FB1C46F38D00EAD23E /* Sources */ = {
			isa = PBXSourcesBuildPhase;
			buildActionMask = 2147483647;
			files = (
				2AC683041C46F38D00EAD23E /* HelloWorld2UITests.m in Sources */,
			);
			runOnlyForDeploymentPostprocessing = 0;
		};
/* End PBXSourcesBuildPhase section */

/* Begin PBXTargetDependency section */
		2AC682F61C46F38D00EAD23E /* PBXTargetDependency */ = {
			isa = PBXTargetDependency;
			target = 2AC682DA1C46F38D00EAD23E /* HelloWorld2 */;
			targetProxy = 2AC682F51C46F38D00EAD23E /* PBXContainerItemProxy */;
		};
		2AC683011C46F38D00EAD23E /* PBXTargetDependency */ = {
			isa = PBXTargetDependency;
			target = 2AC682DA1C46F38D00EAD23E /* HelloWorld2 */;
			targetProxy = 2AC683001C46F38D00EAD23E /* PBXContainerItemProxy */;
		};
/* End PBXTargetDependency section */

/* Begin PBXVariantGroup section */
		2AC682E71C46F38D00EAD23E /* Main.storyboard */ = {
			isa = PBXVariantGroup;
			children = (
				2AC682E81C46F38D00EAD23E /* Base */,
			);
			name = Main.storyboard;
			sourceTree = "<group>";
		};
		2AC682EC1C46F38D00EAD23E /* LaunchScreen.storyboard */ = {
			isa = PBXVariantGroup;
			children = (
				2AC682ED1C46F38D00EAD23E /* Base */,
			);
			name = LaunchScreen.storyboard;
			sourceTree = "<group>";
		};
/* End PBXVariantGroup section */

/* Begin XCBuildConfiguration section */
		2AC683061C46F38D00EAD23E /* Debug */ = {
			isa = XCBuildConfiguration;
			buildSettings = {
				ALWAYS_SEARCH_USER_PATHS = NO;
				CLANG_CXX_LANGUAGE_STANDARD = "gnu++0x";
				CLANG_CXX_LIBRARY = "libc++";
				CLANG_ENABLE_MODULES = YES;
				CLANG_ENABLE_OBJC_ARC = YES;
				CLANG_WARN_BOOL_CONVERSION = YES;
				CLANG_WARN_CONSTANT_CONVERSION = YES;
				CLANG_WARN_DIRECT_OBJC_ISA_USAGE = YES_ERROR;
				CLANG_WARN_EMPTY_BODY = YES;
				CLANG_WARN_ENUM_CONVERSION = YES;
				CLANG_WARN_INT_CONVERSION = YES;
				CLANG_WARN_OBJC_ROOT_CLASS = YES_ERROR;
				CLANG_WARN_UNREACHABLE_CODE = YES;
				CLANG_WARN__DUPLICATE_METHOD_MATCH = YES;
				"CODE_SIGN_IDENTITY[sdk=iphoneos*]" = "iPhone Developer";
				COPY_PHASE_STRIP = NO;
				DEBUG_INFORMATION_FORMAT = dwarf;
				ENABLE_STRICT_OBJC_MSGSEND = YES;
				ENABLE_TESTABILITY = YES;
				GCC_C_LANGUAGE_STANDARD = gnu99;
				GCC_DYNAMIC_NO_PIC = NO;
				GCC_NO_COMMON_BLOCKS = YES;
				GCC_OPTIMIZATION_LEVEL = 0;
				GCC_PREPROCESSOR_DEFINITIONS = (
					"DEBUG=1",
					"$(inherited)",
				);
				GCC_WARN_64_TO_32_BIT_CONVERSION = YES;
				GCC_WARN_ABOUT_RETURN_TYPE = YES_ERROR;
				GCC_WARN_UNDECLARED_SELECTOR = YES;
				GCC_WARN_UNINITIALIZED_AUTOS = YES_AGGRESSIVE;
				GCC_WARN_UNUSED_FUNCTION = YES;
				GCC_WARN_UNUSED_VARIABLE = YES;
				IPHONEOS_DEPLOYMENT_TARGET = 9.2;
				MTL_ENABLE_DEBUG_INFO = YES;
				ONLY_ACTIVE_ARCH = YES;
				SDKROOT = iphoneos;
			};
			name = Debug;
		};
		2AC683071C46F38D00EAD23E /* Release */ = {
			isa = XCBuildConfiguration;
			buildSettings = {
				ALWAYS_SEARCH_USER_PATHS = NO;
				CLANG_CXX_LANGUAGE_STANDARD = "gnu++0x";
				CLANG_CXX_LIBRARY = "libc++";
				CLANG_ENABLE_MODULES = YES;
				CLANG_ENABLE_OBJC_ARC = YES;
				CLANG_WARN_BOOL_CONVERSION = YES;
				CLANG_WARN_CONSTANT_CONVERSION = YES;
				CLANG_WARN_DIRECT_OBJC_ISA_USAGE = YES_ERROR;
				CLANG_WARN_EMPTY_BODY = YES;
				CLANG_WARN_ENUM_CONVERSION = YES;
				CLANG_WARN_INT_CONVERSION = YES;
				CLANG_WARN_OBJC_ROOT_CLASS = YES_ERROR;
				CLANG_WARN_UNREACHABLE_CODE = YES;
				CLANG_WARN__DUPLICATE_METHOD_MATCH = YES;
				"CODE_SIGN_IDENTITY[sdk=iphoneos*]" = "iPhone Developer";
				COPY_PHASE_STRIP = NO;
				DEBUG_INFORMATION_FORMAT = "dwarf-with-dsym";
				ENABLE_NS_ASSERTIONS = NO;
				ENABLE_STRICT_OBJC_MSGSEND = YES;
				GCC_C_LANGUAGE_STANDARD = gnu99;
				GCC_NO_COMMON_BLOCKS = YES;
				GCC_WARN_64_TO_32_BIT_CONVERSION = YES;
				GCC_WARN_ABOUT_RETURN_TYPE = YES_ERROR;
				GCC_WARN_UNDECLARED_SELECTOR = YES;
				GCC_WARN_UNINITIALIZED_AUTOS = YES_AGGRESSIVE;
				GCC_WARN_UNUSED_FUNCTION = YES;
				GCC_WARN_UNUSED_VARIABLE = YES;
				IPHONEOS_DEPLOYMENT_TARGET = 9.2;
				MTL_ENABLE_DEBUG_INFO = NO;
				SDKROOT = iphoneos;
				VALIDATE_PRODUCT = YES;
			};
			name = Release;
		};
		2AC683091C46F38D00EAD23E /* Debug */ = {
			isa = XCBuildConfiguration;
			buildSettings = {
				ASSETCATALOG_COMPILER_APPICON_NAME = AppIcon;
				INFOPLIST_FILE = HelloWorld2/Info.plist;
				LD_RUNPATH_SEARCH_PATHS = "$(inherited) @executable_path/Frameworks";
				PRODUCT_BUNDLE_IDENTIFIER = edu.usc.HelloWorld2;
				PRODUCT_NAME = "$(TARGET_NAME)";
			};
			name = Debug;
		};
		2AC6830A1C46F38D00EAD23E /* Release */ = {
			isa = XCBuildConfiguration;
			buildSettings = {
				ASSETCATALOG_COMPILER_APPICON_NAME = AppIcon;
				INFOPLIST_FILE = HelloWorld2/Info.plist;
				LD_RUNPATH_SEARCH_PATHS = "$(inherited) @executable_path/Frameworks";
				PRODUCT_BUNDLE_IDENTIFIER = edu.usc.HelloWorld2;
				PRODUCT_NAME = "$(TARGET_NAME)";
			};
			name = Release;
		};
		2AC6830C1C46F38D00EAD23E /* Debug */ = {
			isa = XCBuildConfiguration;
			buildSettings = {
				BUNDLE_LOADER = "$(TEST_HOST)";
				INFOPLIST_FILE = HelloWorld2Tests/Info.plist;
				LD_RUNPATH_SEARCH_PATHS = "$(inherited) @executable_path/Frameworks @loader_path/Frameworks";
				PRODUCT_BUNDLE_IDENTIFIER = edu.usc.HelloWorld2Tests;
				PRODUCT_NAME = "$(TARGET_NAME)";
				TEST_HOST = "$(BUILT_PRODUCTS_DIR)/HelloWorld2.app/HelloWorld2";
			};
			name = Debug;
		};
		2AC6830D1C46F38D00EAD23E /* Release */ = {
			isa = XCBuildConfiguration;
			buildSettings = {
				BUNDLE_LOADER = "$(TEST_HOST)";
				INFOPLIST_FILE = HelloWorld2Tests/Info.plist;
				LD_RUNPATH_SEARCH_PATHS = "$(inherited) @executable_path/Frameworks @loader_path/Frameworks";
				PRODUCT_BUNDLE_IDENTIFIER = edu.usc.HelloWorld2Tests;
				PRODUCT_NAME = "$(TARGET_NAME)";
				TEST_HOST = "$(BUILT_PRODUCTS_DIR)/HelloWorld2.app/HelloWorld2";
			};
			name = Release;
		};
		2AC6830F1C46F38D00EAD23E /* Debug */ = {
			isa = XCBuildConfiguration;
			buildSettings = {
				INFOPLIST_FILE = HelloWorld2UITests/Info.plist;
				LD_RUNPATH_SEARCH_PATHS = "$(inherited) @executable_path/Frameworks @loader_path/Frameworks";
				PRODUCT_BUNDLE_IDENTIFIER = edu.usc.HelloWorld2UITests;
				PRODUCT_NAME = "$(TARGET_NAME)";
				TEST_TARGET_NAME = HelloWorld2;
				USES_XCTRUNNER = YES;
			};
			name = Debug;
		};
		2AC683101C46F38D00EAD23E /* Release */ = {
			isa = XCBuildConfiguration;
			buildSettings = {
				INFOPLIST_FILE = HelloWorld2UITests/Info.plist;
				LD_RUNPATH_SEARCH_PATHS = "$(inherited) @executable_path/Frameworks @loader_path/Frameworks";
				PRODUCT_BUNDLE_IDENTIFIER = edu.usc.HelloWorld2UITests;
				PRODUCT_NAME = "$(TARGET_NAME)";
				TEST_TARGET_NAME = HelloWorld2;
				USES_XCTRUNNER = YES;
			};
			name = Release;
		};
/* End XCBuildConfiguration section */

/* Begin XCConfigurationList section */
		2AC682D61C46F38D00EAD23E /* Build configuration list for PBXProject "HelloWorld2" */ = {
			isa = XCConfigurationList;
			buildConfigurations = (
				2AC683061C46F38D00EAD23E /* Debug */,
				2AC683071C46F38D00EAD23E /* Release */,
			);
			defaultConfigurationIsVisible = 0;
			defaultConfigurationName = Release;
		};
		2AC683081C46F38D00EAD23E /* Build configuration list for PBXNativeTarget "HelloWorld2" */ = {
			isa = XCConfigurationList;
			buildConfigurations = (
				2AC683091C46F38D00EAD23E /* Debug */,
				2AC6830A1C46F38D00EAD23E /* Release */,
			);
			defaultConfigurationIsVisible = 0;
		};
		2AC6830B1C46F38D00EAD23E /* Build configuration list for PBXNativeTarget "HelloWorld2Tests" */ = {
			isa = XCConfigurationList;
			buildConfigurations = (
				2AC6830C1C46F38D00EAD23E /* Debug */,
				2AC6830D1C46F38D00EAD23E /* Release */,
			);
			defaultConfigurationIsVisible = 0;
		};
		2AC6830E1C46F38D00EAD23E /* Build configuration list for PBXNativeTarget "HelloWorld2UITests" */ = {
			isa = XCConfigurationList;
			buildConfigurations = (
				2AC6830F1C46F38D00EAD23E /* Debug */,
				2AC683101C46F38D00EAD23E /* Release */,
			);
			defaultConfigurationIsVisible = 0;
		};
/* End XCConfigurationList section */
	};
	rootObject = 2AC682D31C46F38D00EAD23E /* Project object */;
}
